
Microsoft Visual Studio Solution File, Format Version 12.00
# Visual Studio 14
VisualStudioVersion = 14.0.23107.0
MinimumVisualStudioVersion = 10.0.40219.1
Project("{FAE04EC0-301F-11D3-BF4B-00C04F79EFBC}") = "Tehtava1", "Tehtava1\Tehtava1.csproj", "{9FB4E06F-636B-4855-9FCD-CC4079D009EE}"
EndProject
Project("{FAE04EC0-301F-11D3-BF4B-00C04F79EFBC}") = "Tehtava2", "Tehtävä2\Tehtava2.csproj", "{70E0F7D4-292F-4DD5-A6CE-96F2EEDE9B75}"
EndProject
Project("{FAE04EC0-301F-11D3-BF4B-00C04F79EFBC}") = "Tehtava3", "Tehtava3\Tehtava3.csproj", "{BF587A41-EE73-49E7-86C0-7F26F2E58B03}"
EndProject
Project("{FAE04EC0-301F-11D3-BF4B-00C04F79EFBC}") = "Tehtava4", "Tehtava4\Tehtava4.csproj", "{71DA8CC4-13CE-4573-A2AB-58D5B79DC249}"
EndProject
Project("{FAE04EC0-301F-11D3-BF4B-00C04F79EFBC}") = "T4sivushit", "T4sivushit\T4sivushit.csproj", "{0049C505-D692-428A-99DC-C4E9FCB9483E}"
EndProject
Project("{FAE04EC0-301F-11D3-BF4B-00C04F79EFBC}") = "AdoDataReader", "AdoDataReader\AdoDataReader.csproj", "{7703C06A-62E2-4E76-A281-8F8A219B03A5}"
EndProject
Project("{FAE04EC0-301F-11D3-BF4B-00C04F79EFBC}") = "Tehtava5", "Tehtava5\Tehtava5.csproj", "{D8437C14-75AB-460A-84E3-1C7D01B33DF9}"
EndProject
Project("{FAE04EC0-301F-11D3-BF4B-00C04F79EFBC}") = "H10ADOBlanco", "IIO13200-ADONET-DEMO\H10ADOBlanco.csproj", "{078B472F-E0BE-4705-A004-3F2A11A96896}"
EndProject
Project("{FAE04EC0-301F-11D3-BF4B-00C04F79EFBC}") = "DemoJSON", "DemoJSON\DemoJSON.csproj", "{1545AF8C-CBAC-4C19-B670-148B97B5CE61}"
EndProject
Project("{FAE04EC0-301F-11D3-BF4B-00C04F79EFBC}") = "Tehtava7", "Tehtava7\Tehtava7.csproj", "{EFE15521-E2E9-4345-A777-ED83E9C6A923}"
EndProject
Project("{FAE04EC0-301F-11D3-BF4B-00C04F79EFBC}") = "T02WinLotto", "T02WinLotto\T02WinLotto.csproj", "{A557F18D-B99A-41EC-9D0E-D93C08F90D39}"
EndProject
Project("{FAE04EC0-301F-11D3-BF4B-00C04F79EFBC}") = "UnitTestForWinLottoBL", "UnitTestForWinLottoBL\UnitTestForWinLottoBL.csproj", "{FE2E18FB-0500-4E3F-8B53-770EE3EBA30C}"
EndProject
Project("{FAE04EC0-301F-11D3-BF4B-00C04F79EFBC}") = "Tehtava8", "Tehtava8\Tehtava8.csproj", "{CCA3E22C-DFEE-43E0-A079-3BE442D2EDA2}"
EndProject
Global
	GlobalSection(SolutionConfigurationPlatforms) = preSolution
		Debug|Any CPU = Debug|Any CPU
		Release|Any CPU = Release|Any CPU
	EndGlobalSection
	GlobalSection(ProjectConfigurationPlatforms) = postSolution
		{9FB4E06F-636B-4855-9FCD-CC4079D009EE}.Debug|Any CPU.ActiveCfg = Debug|Any CPU
		{9FB4E06F-636B-4855-9FCD-CC4079D009EE}.Debug|Any CPU.Build.0 = Debug|Any CPU
		{9FB4E06F-636B-4855-9FCD-CC4079D009EE}.Release|Any CPU.ActiveCfg = Release|Any CPU
		{9FB4E06F-636B-4855-9FCD-CC4079D009EE}.Release|Any CPU.Build.0 = Release|Any CPU
		{70E0F7D4-292F-4DD5-A6CE-96F2EEDE9B75}.Debug|Any CPU.ActiveCfg = Debug|Any CPU
		{70E0F7D4-292F-4DD5-A6CE-96F2EEDE9B75}.Debug|Any CPU.Build.0 = Debug|Any CPU
		{70E0F7D4-292F-4DD5-A6CE-96F2EEDE9B75}.Release|Any CPU.ActiveCfg = Release|Any CPU
		{70E0F7D4-292F-4DD5-A6CE-96F2EEDE9B75}.Release|Any CPU.Build.0 = Release|Any CPU
		{BF587A41-EE73-49E7-86C0-7F26F2E58B03}.Debug|Any CPU.ActiveCfg = Debug|Any CPU
		{BF587A41-EE73-49E7-86C0-7F26F2E58B03}.Debug|Any CPU.Build.0 = Debug|Any CPU
		{BF587A41-EE73-49E7-86C0-7F26F2E58B03}.Release|Any CPU.ActiveCfg = Release|Any CPU
		{BF587A41-EE73-49E7-86C0-7F26F2E58B03}.Release|Any CPU.Build.0 = Release|Any CPU
		{71DA8CC4-13CE-4573-A2AB-58D5B79DC249}.Debug|Any CPU.ActiveCfg = Debug|Any CPU
		{71DA8CC4-13CE-4573-A2AB-58D5B79DC249}.Debug|Any CPU.Build.0 = Debug|Any CPU
		{71DA8CC4-13CE-4573-A2AB-58D5B79DC249}.Release|Any CPU.ActiveCfg = Release|Any CPU
		{71DA8CC4-13CE-4573-A2AB-58D5B79DC249}.Release|Any CPU.Build.0 = Release|Any CPU
		{0049C505-D692-428A-99DC-C4E9FCB9483E}.Debug|Any CPU.ActiveCfg = Debug|Any CPU
		{0049C505-D692-428A-99DC-C4E9FCB9483E}.Debug|Any CPU.Build.0 = Debug|Any CPU
		{0049C505-D692-428A-99DC-C4E9FCB9483E}.Release|Any CPU.ActiveCfg = Release|Any CPU
		{0049C505-D692-428A-99DC-C4E9FCB9483E}.Release|Any CPU.Build.0 = Release|Any CPU
		{7703C06A-62E2-4E76-A281-8F8A219B03A5}.Debug|Any CPU.ActiveCfg = Debug|Any CPU
		{7703C06A-62E2-4E76-A281-8F8A219B03A5}.Debug|Any CPU.Build.0 = Debug|Any CPU
		{7703C06A-62E2-4E76-A281-8F8A219B03A5}.Release|Any CPU.ActiveCfg = Release|Any CPU
		{7703C06A-62E2-4E76-A281-8F8A219B03A5}.Release|Any CPU.Build.0 = Release|Any CPU
		{D8437C14-75AB-460A-84E3-1C7D01B33DF9}.Debug|Any CPU.ActiveCfg = Debug|Any CPU
		{D8437C14-75AB-460A-84E3-1C7D01B33DF9}.Debug|Any CPU.Build.0 = Debug|Any CPU
		{D8437C14-75AB-460A-84E3-1C7D01B33DF9}.Release|Any CPU.ActiveCfg = Release|Any CPU
		{D8437C14-75AB-460A-84E3-1C7D01B33DF9}.Release|Any CPU.Build.0 = Release|Any CPU
		{078B472F-E0BE-4705-A004-3F2A11A96896}.Debug|Any CPU.ActiveCfg = Debug|Any CPU
		{078B472F-E0BE-4705-A004-3F2A11A96896}.Debug|Any CPU.Build.0 = Debug|Any CPU
		{078B472F-E0BE-4705-A004-3F2A11A96896}.Release|Any CPU.ActiveCfg = Release|Any CPU
		{078B472F-E0BE-4705-A004-3F2A11A96896}.Release|Any CPU.Build.0 = Release|Any CPU
		{1545AF8C-CBAC-4C19-B670-148B97B5CE61}.Debug|Any CPU.ActiveCfg = Debug|Any CPU
		{1545AF8C-CBAC-4C19-B670-148B97B5CE61}.Debug|Any CPU.Build.0 = Debug|Any CPU
		{1545AF8C-CBAC-4C19-B670-148B97B5CE61}.Release|Any CPU.ActiveCfg = Release|Any CPU
		{1545AF8C-CBAC-4C19-B670-148B97B5CE61}.Release|Any CPU.Build.0 = Release|Any CPU
		{EFE15521-E2E9-4345-A777-ED83E9C6A923}.Debug|Any CPU.ActiveCfg = Debug|Any CPU
		{EFE15521-E2E9-4345-A777-ED83E9C6A923}.Debug|Any CPU.Build.0 = Debug|Any CPU
		{EFE15521-E2E9-4345-A777-ED83E9C6A923}.Release|Any CPU.ActiveCfg = Release|Any CPU
		{EFE15521-E2E9-4345-A777-ED83E9C6A923}.Release|Any CPU.Build.0 = Release|Any CPU
		{A557F18D-B99A-41EC-9D0E-D93C08F90D39}.Debug|Any CPU.ActiveCfg = Debug|Any CPU
		{A557F18D-B99A-41EC-9D0E-D93C08F90D39}.Debug|Any CPU.Build.0 = Debug|Any CPU
		{A557F18D-B99A-41EC-9D0E-D93C08F90D39}.Release|Any CPU.ActiveCfg = Release|Any CPU
		{A557F18D-B99A-41EC-9D0E-D93C08F90D39}.Release|Any CPU.Build.0 = Release|Any CPU
		{FE2E18FB-0500-4E3F-8B53-770EE3EBA30C}.Debug|Any CPU.ActiveCfg = Debug|Any CPU
		{FE2E18FB-0500-4E3F-8B53-770EE3EBA30C}.Debug|Any CPU.Build.0 = Debug|Any CPU
		{FE2E18FB-0500-4E3F-8B53-770EE3EBA30C}.Release|Any CPU.ActiveCfg = Release|Any CPU
		{FE2E18FB-0500-4E3F-8B53-770EE3EBA30C}.Release|Any CPU.Build.0 = Release|Any CPU
		{CCA3E22C-DFEE-43E0-A079-3BE442D2EDA2}.Debug|Any CPU.ActiveCfg = Debug|Any CPU
		{CCA3E22C-DFEE-43E0-A079-3BE442D2EDA2}.Debug|Any CPU.Build.0 = Debug|Any CPU
		{CCA3E22C-DFEE-43E0-A079-3BE442D2EDA2}.Release|Any CPU.ActiveCfg = Release|Any CPU
		{CCA3E22C-DFEE-43E0-A079-3BE442D2EDA2}.Release|Any CPU.Build.0 = Release|Any CPU
	EndGlobalSection
	GlobalSection(SolutionProperties) = preSolution
		HideSolutionNode = FALSE
	EndGlobalSection
EndGlobal
