
Microsoft Visual Studio Solution File, Format Version 12.00
# Visual Studio 14
VisualStudioVersion = 14.0.23107.0
MinimumVisualStudioVersion = 10.0.40219.1
Project("{FAE04EC0-301F-11D3-BF4B-00C04F79EFBC}") = "Tehtava1", "Tehtava1\Tehtava1.csproj", "{9FB4E06F-636B-4855-9FCD-CC4079D009EE}"
EndProject
Project("{FAE04EC0-301F-11D3-BF4B-00C04F79EFBC}") = "Tehtava2", "Tehtävä2\Tehtava2.csproj", "{70E0F7D4-292F-4DD5-A6CE-96F2EEDE9B75}"
EndProject
Global
	GlobalSection(SolutionConfigurationPlatforms) = preSolution
		Debug|Any CPU = Debug|Any CPU
		Release|Any CPU = Release|Any CPU
	EndGlobalSection
	GlobalSection(ProjectConfigurationPlatforms) = postSolution
		{9FB4E06F-636B-4855-9FCD-CC4079D009EE}.Debug|Any CPU.ActiveCfg = Debug|Any CPU
		{9FB4E06F-636B-4855-9FCD-CC4079D009EE}.Debug|Any CPU.Build.0 = Debug|Any CPU
		{9FB4E06F-636B-4855-9FCD-CC4079D009EE}.Release|Any CPU.ActiveCfg = Release|Any CPU
		{9FB4E06F-636B-4855-9FCD-CC4079D009EE}.Release|Any CPU.Build.0 = Release|Any CPU
		{70E0F7D4-292F-4DD5-A6CE-96F2EEDE9B75}.Debug|Any CPU.ActiveCfg = Debug|Any CPU
		{70E0F7D4-292F-4DD5-A6CE-96F2EEDE9B75}.Debug|Any CPU.Build.0 = Debug|Any CPU
		{70E0F7D4-292F-4DD5-A6CE-96F2EEDE9B75}.Release|Any CPU.ActiveCfg = Release|Any CPU
		{70E0F7D4-292F-4DD5-A6CE-96F2EEDE9B75}.Release|Any CPU.Build.0 = Release|Any CPU
	EndGlobalSection
	GlobalSection(SolutionProperties) = preSolution
		HideSolutionNode = FALSE
	EndGlobalSection
EndGlobal
